
Microsoft Visual Studio Solution File, Format Version 12.00
# Visual Studio 14
VisualStudioVersion = 14.0.25123.0
MinimumVisualStudioVersion = 10.0.40219.1
Project("{FAE04EC0-301F-11D3-BF4B-00C04F79EFBC}") = "PesMuxer", "PesMuxer\PesMuxer.csproj", "{05E5C8A7-2FD2-4D4C-B89F-623595B52CDC}"
EndProject
Project("{FAE04EC0-301F-11D3-BF4B-00C04F79EFBC}") = "MuxerTest", ".Test\MuxerTest\MuxerTest.csproj", "{6A8175DA-07C1-439A-AEC1-F6A677C37D32}"
EndProject
Global
	GlobalSection(SolutionConfigurationPlatforms) = preSolution
		Debug|Any CPU = Debug|Any CPU
		Release|Any CPU = Release|Any CPU
	EndGlobalSection
	GlobalSection(ProjectConfigurationPlatforms) = postSolution
		{05E5C8A7-2FD2-4D4C-B89F-623595B52CDC}.Debug|Any CPU.ActiveCfg = Debug|Any CPU
		{05E5C8A7-2FD2-4D4C-B89F-623595B52CDC}.Debug|Any CPU.Build.0 = Debug|Any CPU
		{05E5C8A7-2FD2-4D4C-B89F-623595B52CDC}.Release|Any CPU.ActiveCfg = Release|Any CPU
		{05E5C8A7-2FD2-4D4C-B89F-623595B52CDC}.Release|Any CPU.Build.0 = Release|Any CPU
		{6A8175DA-07C1-439A-AEC1-F6A677C37D32}.Debug|Any CPU.ActiveCfg = Debug|Any CPU
		{6A8175DA-07C1-439A-AEC1-F6A677C37D32}.Debug|Any CPU.Build.0 = Debug|Any CPU
		{6A8175DA-07C1-439A-AEC1-F6A677C37D32}.Release|Any CPU.ActiveCfg = Release|Any CPU
		{6A8175DA-07C1-439A-AEC1-F6A677C37D32}.Release|Any CPU.Build.0 = Release|Any CPU
	EndGlobalSection
	GlobalSection(SolutionProperties) = preSolution
		HideSolutionNode = FALSE
	EndGlobalSection
EndGlobal
