
Microsoft Visual Studio Solution File, Format Version 12.00
# Visual Studio 14
VisualStudioVersion = 14.0.25123.0
MinimumVisualStudioVersion = 10.0.40219.1
Project("{FAE04EC0-301F-11D3-BF4B-00C04F79EFBC}") = "PesMuxer", "PesMuxer\PesMuxer.csproj", "{05E5C8A7-2FD2-4D4C-B89F-623595B52CDC}"
EndProject
Project("{8BC9CEB8-8B4A-11D0-8D11-00A0C91BC942}") = "Spp2PgsNet", "sub\Spp2Pgs\Spp2PgsNet\Spp2PgsNet.vcxproj", "{ED161A43-6432-4F8D-9D2B-C4AC8AA8CC49}"
EndProject
Project("{8BC9CEB8-8B4A-11D0-8D11-00A0C91BC942}") = "libspp2pgs", "sub\Spp2Pgs\libspp2pgs\libspp2pgs.vcxproj", "{821D4850-3AA7-4D9C-50EB-5E7CB22A3A3E}"
EndProject
Project("{8BC9CEB8-8B4A-11D0-8D11-00A0C91BC942}") = "xy-VSSppf", "sub\Spp2Pgs\misc\xy-VSFilter\xy-VSSppf\xy-VSSppf.vcxproj", "{ACFCDF3E-2B0F-43C8-AB12-1E1A68EA3D99}"
EndProject
Project("{FAE04EC0-301F-11D3-BF4B-00C04F79EFBC}") = "CsmStudio", "CsmStudio\CsmStudio.csproj", "{2757DECF-55EB-48E0-8B38-306850BF4AEC}"
	ProjectSection(ProjectDependencies) = postProject
		{ACFCDF3E-2B0F-43C8-AB12-1E1A68EA3D99} = {ACFCDF3E-2B0F-43C8-AB12-1E1A68EA3D99}
	EndProjectSection
EndProject
Project("{2150E333-8FDC-42A3-9474-1A3956D46DE8}") = "Ass2Pes", "Ass2Pes", "{0F1487F1-E80C-428A-90B2-4665CCDF3525}"
EndProject
Project("{2150E333-8FDC-42A3-9474-1A3956D46DE8}") = "Pes2Mts", "Pes2Mts", "{EA43C141-9FCE-42A7-97CE-3A2190B66F4F}"
EndProject
Project("{FAE04EC0-301F-11D3-BF4B-00C04F79EFBC}") = "BluraySharp.Extension.Ssls", "BluraySharp.Extension.Ssls\BluraySharp.Extension.Ssls.csproj", "{F0F9B3ED-3D91-4094-91CF-E0F0FCA4B644}"
EndProject
Project("{FAE04EC0-301F-11D3-BF4B-00C04F79EFBC}") = "CsmStudio.ProjectManager", "CsmStudio.ProjectManager\CsmStudio.ProjectManager.csproj", "{24A57DB4-3E32-43F5-B5BA-EF7B4D4F10F9}"
EndProject
Project("{FAE04EC0-301F-11D3-BF4B-00C04F79EFBC}") = "CsmStudio.DesignTime", "CsmStudio.DesignTime\CsmStudio.DesignTime.csproj", "{B3E5073D-B42A-4CBF-A7BF-1A61580C4A9A}"
EndProject
Global
	GlobalSection(SolutionConfigurationPlatforms) = preSolution
		Debug|Any CPU = Debug|Any CPU
		Debug|x64 = Debug|x64
		Debug|x86 = Debug|x86
		Release|Any CPU = Release|Any CPU
		Release|x64 = Release|x64
		Release|x86 = Release|x86
		ReleaseClr|Any CPU = ReleaseClr|Any CPU
		ReleaseClr|x64 = ReleaseClr|x64
		ReleaseClr|x86 = ReleaseClr|x86
	EndGlobalSection
	GlobalSection(ProjectConfigurationPlatforms) = postSolution
		{05E5C8A7-2FD2-4D4C-B89F-623595B52CDC}.Debug|Any CPU.ActiveCfg = Debug|Any CPU
		{05E5C8A7-2FD2-4D4C-B89F-623595B52CDC}.Debug|Any CPU.Build.0 = Debug|Any CPU
		{05E5C8A7-2FD2-4D4C-B89F-623595B52CDC}.Debug|x64.ActiveCfg = Debug|Any CPU
		{05E5C8A7-2FD2-4D4C-B89F-623595B52CDC}.Debug|x64.Build.0 = Debug|Any CPU
		{05E5C8A7-2FD2-4D4C-B89F-623595B52CDC}.Debug|x86.ActiveCfg = Debug|Any CPU
		{05E5C8A7-2FD2-4D4C-B89F-623595B52CDC}.Debug|x86.Build.0 = Debug|Any CPU
		{05E5C8A7-2FD2-4D4C-B89F-623595B52CDC}.Release|Any CPU.ActiveCfg = Release|Any CPU
		{05E5C8A7-2FD2-4D4C-B89F-623595B52CDC}.Release|Any CPU.Build.0 = Release|Any CPU
		{05E5C8A7-2FD2-4D4C-B89F-623595B52CDC}.Release|x64.ActiveCfg = Release|Any CPU
		{05E5C8A7-2FD2-4D4C-B89F-623595B52CDC}.Release|x64.Build.0 = Release|Any CPU
		{05E5C8A7-2FD2-4D4C-B89F-623595B52CDC}.Release|x86.ActiveCfg = Release|Any CPU
		{05E5C8A7-2FD2-4D4C-B89F-623595B52CDC}.Release|x86.Build.0 = Release|Any CPU
		{05E5C8A7-2FD2-4D4C-B89F-623595B52CDC}.ReleaseClr|Any CPU.ActiveCfg = Release|Any CPU
		{05E5C8A7-2FD2-4D4C-B89F-623595B52CDC}.ReleaseClr|Any CPU.Build.0 = Release|Any CPU
		{05E5C8A7-2FD2-4D4C-B89F-623595B52CDC}.ReleaseClr|x64.ActiveCfg = Release|Any CPU
		{05E5C8A7-2FD2-4D4C-B89F-623595B52CDC}.ReleaseClr|x64.Build.0 = Release|Any CPU
		{05E5C8A7-2FD2-4D4C-B89F-623595B52CDC}.ReleaseClr|x86.ActiveCfg = Release|Any CPU
		{05E5C8A7-2FD2-4D4C-B89F-623595B52CDC}.ReleaseClr|x86.Build.0 = Release|Any CPU
		{ED161A43-6432-4F8D-9D2B-C4AC8AA8CC49}.Debug|Any CPU.ActiveCfg = Debug|Win32
		{ED161A43-6432-4F8D-9D2B-C4AC8AA8CC49}.Debug|x64.ActiveCfg = Debug|x64
		{ED161A43-6432-4F8D-9D2B-C4AC8AA8CC49}.Debug|x64.Build.0 = Debug|x64
		{ED161A43-6432-4F8D-9D2B-C4AC8AA8CC49}.Debug|x86.ActiveCfg = Debug|Win32
		{ED161A43-6432-4F8D-9D2B-C4AC8AA8CC49}.Debug|x86.Build.0 = Debug|Win32
		{ED161A43-6432-4F8D-9D2B-C4AC8AA8CC49}.Release|Any CPU.ActiveCfg = ReleaseClr|x64
		{ED161A43-6432-4F8D-9D2B-C4AC8AA8CC49}.Release|Any CPU.Build.0 = ReleaseClr|x64
		{ED161A43-6432-4F8D-9D2B-C4AC8AA8CC49}.Release|x64.ActiveCfg = ReleaseClr|x64
		{ED161A43-6432-4F8D-9D2B-C4AC8AA8CC49}.Release|x64.Build.0 = ReleaseClr|x64
		{ED161A43-6432-4F8D-9D2B-C4AC8AA8CC49}.Release|x86.ActiveCfg = ReleaseClr|Win32
		{ED161A43-6432-4F8D-9D2B-C4AC8AA8CC49}.Release|x86.Build.0 = ReleaseClr|Win32
		{ED161A43-6432-4F8D-9D2B-C4AC8AA8CC49}.ReleaseClr|Any CPU.ActiveCfg = ReleaseClr|Win32
		{ED161A43-6432-4F8D-9D2B-C4AC8AA8CC49}.ReleaseClr|x64.ActiveCfg = ReleaseClr|x64
		{ED161A43-6432-4F8D-9D2B-C4AC8AA8CC49}.ReleaseClr|x64.Build.0 = ReleaseClr|x64
		{ED161A43-6432-4F8D-9D2B-C4AC8AA8CC49}.ReleaseClr|x86.ActiveCfg = ReleaseClr|Win32
		{ED161A43-6432-4F8D-9D2B-C4AC8AA8CC49}.ReleaseClr|x86.Build.0 = ReleaseClr|Win32
		{821D4850-3AA7-4D9C-50EB-5E7CB22A3A3E}.Debug|Any CPU.ActiveCfg = Debug|Win32
		{821D4850-3AA7-4D9C-50EB-5E7CB22A3A3E}.Debug|x64.ActiveCfg = Debug|x64
		{821D4850-3AA7-4D9C-50EB-5E7CB22A3A3E}.Debug|x64.Build.0 = Debug|x64
		{821D4850-3AA7-4D9C-50EB-5E7CB22A3A3E}.Debug|x86.ActiveCfg = Debug|Win32
		{821D4850-3AA7-4D9C-50EB-5E7CB22A3A3E}.Debug|x86.Build.0 = Debug|Win32
		{821D4850-3AA7-4D9C-50EB-5E7CB22A3A3E}.Release|Any CPU.ActiveCfg = Release|Win32
		{821D4850-3AA7-4D9C-50EB-5E7CB22A3A3E}.Release|x64.ActiveCfg = ReleaseClr|x64
		{821D4850-3AA7-4D9C-50EB-5E7CB22A3A3E}.Release|x64.Build.0 = ReleaseClr|x64
		{821D4850-3AA7-4D9C-50EB-5E7CB22A3A3E}.Release|x86.ActiveCfg = ReleaseClr|Win32
		{821D4850-3AA7-4D9C-50EB-5E7CB22A3A3E}.Release|x86.Build.0 = ReleaseClr|Win32
		{821D4850-3AA7-4D9C-50EB-5E7CB22A3A3E}.ReleaseClr|Any CPU.ActiveCfg = ReleaseClr|Win32
		{821D4850-3AA7-4D9C-50EB-5E7CB22A3A3E}.ReleaseClr|x64.ActiveCfg = ReleaseClr|x64
		{821D4850-3AA7-4D9C-50EB-5E7CB22A3A3E}.ReleaseClr|x64.Build.0 = ReleaseClr|x64
		{821D4850-3AA7-4D9C-50EB-5E7CB22A3A3E}.ReleaseClr|x86.ActiveCfg = ReleaseClr|Win32
		{821D4850-3AA7-4D9C-50EB-5E7CB22A3A3E}.ReleaseClr|x86.Build.0 = ReleaseClr|Win32
		{ACFCDF3E-2B0F-43C8-AB12-1E1A68EA3D99}.Debug|Any CPU.ActiveCfg = Debug|Win32
		{ACFCDF3E-2B0F-43C8-AB12-1E1A68EA3D99}.Debug|x64.ActiveCfg = Debug|x64
		{ACFCDF3E-2B0F-43C8-AB12-1E1A68EA3D99}.Debug|x64.Build.0 = Debug|x64
		{ACFCDF3E-2B0F-43C8-AB12-1E1A68EA3D99}.Debug|x86.ActiveCfg = Debug|Win32
		{ACFCDF3E-2B0F-43C8-AB12-1E1A68EA3D99}.Debug|x86.Build.0 = Debug|Win32
		{ACFCDF3E-2B0F-43C8-AB12-1E1A68EA3D99}.Release|Any CPU.ActiveCfg = Release|Win32
		{ACFCDF3E-2B0F-43C8-AB12-1E1A68EA3D99}.Release|x64.ActiveCfg = Release|x64
		{ACFCDF3E-2B0F-43C8-AB12-1E1A68EA3D99}.Release|x64.Build.0 = Release|x64
		{ACFCDF3E-2B0F-43C8-AB12-1E1A68EA3D99}.Release|x86.ActiveCfg = Release|Win32
		{ACFCDF3E-2B0F-43C8-AB12-1E1A68EA3D99}.Release|x86.Build.0 = Release|Win32
		{ACFCDF3E-2B0F-43C8-AB12-1E1A68EA3D99}.ReleaseClr|Any CPU.ActiveCfg = Release|x64
		{ACFCDF3E-2B0F-43C8-AB12-1E1A68EA3D99}.ReleaseClr|Any CPU.Build.0 = Release|x64
		{ACFCDF3E-2B0F-43C8-AB12-1E1A68EA3D99}.ReleaseClr|x64.ActiveCfg = Release|x64
		{ACFCDF3E-2B0F-43C8-AB12-1E1A68EA3D99}.ReleaseClr|x64.Build.0 = Release|x64
		{ACFCDF3E-2B0F-43C8-AB12-1E1A68EA3D99}.ReleaseClr|x86.ActiveCfg = Release|Win32
		{ACFCDF3E-2B0F-43C8-AB12-1E1A68EA3D99}.ReleaseClr|x86.Build.0 = Release|Win32
		{2757DECF-55EB-48E0-8B38-306850BF4AEC}.Debug|Any CPU.ActiveCfg = Debug|x86
		{2757DECF-55EB-48E0-8B38-306850BF4AEC}.Debug|x64.ActiveCfg = Debug|x64
		{2757DECF-55EB-48E0-8B38-306850BF4AEC}.Debug|x64.Build.0 = Debug|x64
		{2757DECF-55EB-48E0-8B38-306850BF4AEC}.Debug|x86.ActiveCfg = Debug|x86
		{2757DECF-55EB-48E0-8B38-306850BF4AEC}.Debug|x86.Build.0 = Debug|x86
		{2757DECF-55EB-48E0-8B38-306850BF4AEC}.Release|Any CPU.ActiveCfg = Release|x86
		{2757DECF-55EB-48E0-8B38-306850BF4AEC}.Release|x64.ActiveCfg = Release|x64
		{2757DECF-55EB-48E0-8B38-306850BF4AEC}.Release|x64.Build.0 = Release|x64
		{2757DECF-55EB-48E0-8B38-306850BF4AEC}.Release|x86.ActiveCfg = Release|x86
		{2757DECF-55EB-48E0-8B38-306850BF4AEC}.Release|x86.Build.0 = Release|x86
		{2757DECF-55EB-48E0-8B38-306850BF4AEC}.ReleaseClr|Any CPU.ActiveCfg = Release|x86
		{2757DECF-55EB-48E0-8B38-306850BF4AEC}.ReleaseClr|Any CPU.Build.0 = Release|x86
		{2757DECF-55EB-48E0-8B38-306850BF4AEC}.ReleaseClr|x64.ActiveCfg = Release|x64
		{2757DECF-55EB-48E0-8B38-306850BF4AEC}.ReleaseClr|x64.Build.0 = Release|x64
		{2757DECF-55EB-48E0-8B38-306850BF4AEC}.ReleaseClr|x86.ActiveCfg = Release|x86
		{2757DECF-55EB-48E0-8B38-306850BF4AEC}.ReleaseClr|x86.Build.0 = Release|x86
		{F0F9B3ED-3D91-4094-91CF-E0F0FCA4B644}.Debug|Any CPU.ActiveCfg = Debug|Any CPU
		{F0F9B3ED-3D91-4094-91CF-E0F0FCA4B644}.Debug|Any CPU.Build.0 = Debug|Any CPU
		{F0F9B3ED-3D91-4094-91CF-E0F0FCA4B644}.Debug|x64.ActiveCfg = Debug|Any CPU
		{F0F9B3ED-3D91-4094-91CF-E0F0FCA4B644}.Debug|x64.Build.0 = Debug|Any CPU
		{F0F9B3ED-3D91-4094-91CF-E0F0FCA4B644}.Debug|x86.ActiveCfg = Debug|Any CPU
		{F0F9B3ED-3D91-4094-91CF-E0F0FCA4B644}.Debug|x86.Build.0 = Debug|Any CPU
		{F0F9B3ED-3D91-4094-91CF-E0F0FCA4B644}.Release|Any CPU.ActiveCfg = Release|Any CPU
		{F0F9B3ED-3D91-4094-91CF-E0F0FCA4B644}.Release|Any CPU.Build.0 = Release|Any CPU
		{F0F9B3ED-3D91-4094-91CF-E0F0FCA4B644}.Release|x64.ActiveCfg = Release|Any CPU
		{F0F9B3ED-3D91-4094-91CF-E0F0FCA4B644}.Release|x64.Build.0 = Release|Any CPU
		{F0F9B3ED-3D91-4094-91CF-E0F0FCA4B644}.Release|x86.ActiveCfg = Release|Any CPU
		{F0F9B3ED-3D91-4094-91CF-E0F0FCA4B644}.Release|x86.Build.0 = Release|Any CPU
		{F0F9B3ED-3D91-4094-91CF-E0F0FCA4B644}.ReleaseClr|Any CPU.ActiveCfg = Release|Any CPU
		{F0F9B3ED-3D91-4094-91CF-E0F0FCA4B644}.ReleaseClr|Any CPU.Build.0 = Release|Any CPU
		{F0F9B3ED-3D91-4094-91CF-E0F0FCA4B644}.ReleaseClr|x64.ActiveCfg = Release|Any CPU
		{F0F9B3ED-3D91-4094-91CF-E0F0FCA4B644}.ReleaseClr|x64.Build.0 = Release|Any CPU
		{F0F9B3ED-3D91-4094-91CF-E0F0FCA4B644}.ReleaseClr|x86.ActiveCfg = Release|Any CPU
		{F0F9B3ED-3D91-4094-91CF-E0F0FCA4B644}.ReleaseClr|x86.Build.0 = Release|Any CPU
		{24A57DB4-3E32-43F5-B5BA-EF7B4D4F10F9}.Debug|Any CPU.ActiveCfg = Debug|x86
		{24A57DB4-3E32-43F5-B5BA-EF7B4D4F10F9}.Debug|x64.ActiveCfg = Debug|x64
		{24A57DB4-3E32-43F5-B5BA-EF7B4D4F10F9}.Debug|x64.Build.0 = Debug|x64
		{24A57DB4-3E32-43F5-B5BA-EF7B4D4F10F9}.Debug|x86.ActiveCfg = Debug|x86
		{24A57DB4-3E32-43F5-B5BA-EF7B4D4F10F9}.Debug|x86.Build.0 = Debug|x86
		{24A57DB4-3E32-43F5-B5BA-EF7B4D4F10F9}.Release|Any CPU.ActiveCfg = Release|x86
		{24A57DB4-3E32-43F5-B5BA-EF7B4D4F10F9}.Release|x64.ActiveCfg = Release|x64
		{24A57DB4-3E32-43F5-B5BA-EF7B4D4F10F9}.Release|x64.Build.0 = Release|x64
		{24A57DB4-3E32-43F5-B5BA-EF7B4D4F10F9}.Release|x86.ActiveCfg = Release|x86
		{24A57DB4-3E32-43F5-B5BA-EF7B4D4F10F9}.Release|x86.Build.0 = Release|x86
		{24A57DB4-3E32-43F5-B5BA-EF7B4D4F10F9}.ReleaseClr|Any CPU.ActiveCfg = Release|x86
		{24A57DB4-3E32-43F5-B5BA-EF7B4D4F10F9}.ReleaseClr|Any CPU.Build.0 = Release|x86
		{24A57DB4-3E32-43F5-B5BA-EF7B4D4F10F9}.ReleaseClr|x64.ActiveCfg = Release|x64
		{24A57DB4-3E32-43F5-B5BA-EF7B4D4F10F9}.ReleaseClr|x64.Build.0 = Release|x64
		{24A57DB4-3E32-43F5-B5BA-EF7B4D4F10F9}.ReleaseClr|x86.ActiveCfg = Release|x86
		{24A57DB4-3E32-43F5-B5BA-EF7B4D4F10F9}.ReleaseClr|x86.Build.0 = Release|x86
		{B3E5073D-B42A-4CBF-A7BF-1A61580C4A9A}.Debug|Any CPU.ActiveCfg = Debug|Any CPU
		{B3E5073D-B42A-4CBF-A7BF-1A61580C4A9A}.Debug|Any CPU.Build.0 = Debug|Any CPU
		{B3E5073D-B42A-4CBF-A7BF-1A61580C4A9A}.Debug|x64.ActiveCfg = Debug|Any CPU
		{B3E5073D-B42A-4CBF-A7BF-1A61580C4A9A}.Debug|x64.Build.0 = Debug|Any CPU
		{B3E5073D-B42A-4CBF-A7BF-1A61580C4A9A}.Debug|x86.ActiveCfg = Debug|Any CPU
		{B3E5073D-B42A-4CBF-A7BF-1A61580C4A9A}.Debug|x86.Build.0 = Debug|Any CPU
		{B3E5073D-B42A-4CBF-A7BF-1A61580C4A9A}.Release|Any CPU.ActiveCfg = Release|Any CPU
		{B3E5073D-B42A-4CBF-A7BF-1A61580C4A9A}.Release|Any CPU.Build.0 = Release|Any CPU
		{B3E5073D-B42A-4CBF-A7BF-1A61580C4A9A}.Release|x64.ActiveCfg = Release|Any CPU
		{B3E5073D-B42A-4CBF-A7BF-1A61580C4A9A}.Release|x64.Build.0 = Release|Any CPU
		{B3E5073D-B42A-4CBF-A7BF-1A61580C4A9A}.Release|x86.ActiveCfg = Release|Any CPU
		{B3E5073D-B42A-4CBF-A7BF-1A61580C4A9A}.Release|x86.Build.0 = Release|Any CPU
		{B3E5073D-B42A-4CBF-A7BF-1A61580C4A9A}.ReleaseClr|Any CPU.ActiveCfg = Release|Any CPU
		{B3E5073D-B42A-4CBF-A7BF-1A61580C4A9A}.ReleaseClr|Any CPU.Build.0 = Release|Any CPU
		{B3E5073D-B42A-4CBF-A7BF-1A61580C4A9A}.ReleaseClr|x64.ActiveCfg = Release|Any CPU
		{B3E5073D-B42A-4CBF-A7BF-1A61580C4A9A}.ReleaseClr|x64.Build.0 = Release|Any CPU
		{B3E5073D-B42A-4CBF-A7BF-1A61580C4A9A}.ReleaseClr|x86.ActiveCfg = Release|Any CPU
		{B3E5073D-B42A-4CBF-A7BF-1A61580C4A9A}.ReleaseClr|x86.Build.0 = Release|Any CPU
	EndGlobalSection
	GlobalSection(SolutionProperties) = preSolution
		HideSolutionNode = FALSE
	EndGlobalSection
	GlobalSection(NestedProjects) = preSolution
		{05E5C8A7-2FD2-4D4C-B89F-623595B52CDC} = {EA43C141-9FCE-42A7-97CE-3A2190B66F4F}
		{ED161A43-6432-4F8D-9D2B-C4AC8AA8CC49} = {0F1487F1-E80C-428A-90B2-4665CCDF3525}
		{821D4850-3AA7-4D9C-50EB-5E7CB22A3A3E} = {0F1487F1-E80C-428A-90B2-4665CCDF3525}
		{ACFCDF3E-2B0F-43C8-AB12-1E1A68EA3D99} = {0F1487F1-E80C-428A-90B2-4665CCDF3525}
	EndGlobalSection
EndGlobal
